
Microsoft Visual Studio Solution File, Format Version 12.00
# Visual Studio 15
VisualStudioVersion = 15.0.27004.2002
MinimumVisualStudioVersion = 10.0.40219.1
Project("{FAE04EC0-301F-11D3-BF4B-00C04F79EFBC}") = "Shibari.Sub.Core", "Shibari.Sub.Core\Shibari.Sub.Core.csproj", "{E14D768A-50DE-4A4A-9E4E-8F080BFED14D}"
EndProject
Project("{2150E333-8FDC-42A3-9474-1A3956D46DE8}") = "Sources", "Sources", "{C7C6C996-17FA-4F5F-BC54-1205F60912D2}"
EndProject
Project("{2150E333-8FDC-42A3-9474-1A3956D46DE8}") = "Sinks", "Sinks", "{9037C1DB-F396-4CFD-809C-4B9A17082ADD}"
EndProject
Project("{FAE04EC0-301F-11D3-BF4B-00C04F79EFBC}") = "Shibari.Sub.Source.FireShock", "Shibari.Sub.Source.FireShock\Shibari.Sub.Source.FireShock.csproj", "{595BEDEB-B537-4F04-8517-FE3C3DEBBA03}"
EndProject
Project("{FAE04EC0-301F-11D3-BF4B-00C04F79EFBC}") = "Shibari.Sub.Source.AirBender", "Shibari.Sub.Source.AirBender\Shibari.Sub.Source.AirBender.csproj", "{7A793292-848C-41DE-A683-EFDA0BD241DC}"
EndProject
Project("{FAE04EC0-301F-11D3-BF4B-00C04F79EFBC}") = "Shibari.Dom.Server", "Shibari.Dom.Server\Shibari.Dom.Server.csproj", "{2F12E5A0-CF8A-416E-8E29-520FAE9D7A21}"
EndProject
Global
	GlobalSection(SolutionConfigurationPlatforms) = preSolution
		Debug|Any CPU = Debug|Any CPU
		Release|Any CPU = Release|Any CPU
	EndGlobalSection
	GlobalSection(ProjectConfigurationPlatforms) = postSolution
		{E14D768A-50DE-4A4A-9E4E-8F080BFED14D}.Debug|Any CPU.ActiveCfg = Debug|Any CPU
		{E14D768A-50DE-4A4A-9E4E-8F080BFED14D}.Debug|Any CPU.Build.0 = Debug|Any CPU
		{E14D768A-50DE-4A4A-9E4E-8F080BFED14D}.Release|Any CPU.ActiveCfg = Release|Any CPU
		{E14D768A-50DE-4A4A-9E4E-8F080BFED14D}.Release|Any CPU.Build.0 = Release|Any CPU
		{595BEDEB-B537-4F04-8517-FE3C3DEBBA03}.Debug|Any CPU.ActiveCfg = Debug|Any CPU
		{595BEDEB-B537-4F04-8517-FE3C3DEBBA03}.Debug|Any CPU.Build.0 = Debug|Any CPU
		{595BEDEB-B537-4F04-8517-FE3C3DEBBA03}.Release|Any CPU.ActiveCfg = Release|Any CPU
		{595BEDEB-B537-4F04-8517-FE3C3DEBBA03}.Release|Any CPU.Build.0 = Release|Any CPU
		{7A793292-848C-41DE-A683-EFDA0BD241DC}.Debug|Any CPU.ActiveCfg = Debug|Any CPU
		{7A793292-848C-41DE-A683-EFDA0BD241DC}.Debug|Any CPU.Build.0 = Debug|Any CPU
		{7A793292-848C-41DE-A683-EFDA0BD241DC}.Release|Any CPU.ActiveCfg = Release|Any CPU
		{7A793292-848C-41DE-A683-EFDA0BD241DC}.Release|Any CPU.Build.0 = Release|Any CPU
		{2F12E5A0-CF8A-416E-8E29-520FAE9D7A21}.Debug|Any CPU.ActiveCfg = Debug|Any CPU
		{2F12E5A0-CF8A-416E-8E29-520FAE9D7A21}.Debug|Any CPU.Build.0 = Debug|Any CPU
		{2F12E5A0-CF8A-416E-8E29-520FAE9D7A21}.Release|Any CPU.ActiveCfg = Release|Any CPU
		{2F12E5A0-CF8A-416E-8E29-520FAE9D7A21}.Release|Any CPU.Build.0 = Release|Any CPU
	EndGlobalSection
	GlobalSection(SolutionProperties) = preSolution
		HideSolutionNode = FALSE
	EndGlobalSection
	GlobalSection(NestedProjects) = preSolution
		{595BEDEB-B537-4F04-8517-FE3C3DEBBA03} = {C7C6C996-17FA-4F5F-BC54-1205F60912D2}
		{7A793292-848C-41DE-A683-EFDA0BD241DC} = {C7C6C996-17FA-4F5F-BC54-1205F60912D2}
	EndGlobalSection
	GlobalSection(ExtensibilityGlobals) = postSolution
		SolutionGuid = {FDBC4197-05E2-40FD-AB20-9DF82CD37B44}
	EndGlobalSection
EndGlobal
